
Microsoft Visual Studio Solution File, Format Version 12.00
# Visual Studio Version 17
VisualStudioVersion = 17.14.36414.22 d17.14
MinimumVisualStudioVersion = 10.0.40219.1
Project("{FAE04EC0-301F-11D3-BF4B-00C04F79EFBC}") = "SameApi", "SameApi\SameApi.csproj", "{63096BD5-8A15-4FCF-AE6D-66D3C9C42C51}"
EndProject
Global
	GlobalSection(SolutionConfigurationPlatforms) = preSolution
		Debug|Any CPU = Debug|Any CPU
		Release|Any CPU = Release|Any CPU
	EndGlobalSection
	GlobalSection(ProjectConfigurationPlatforms) = postSolution
		{63096BD5-8A15-4FCF-AE6D-66D3C9C42C51}.Debug|Any CPU.ActiveCfg = Debug|Any CPU
		{63096BD5-8A15-4FCF-AE6D-66D3C9C42C51}.Debug|Any CPU.Build.0 = Debug|Any CPU
		{63096BD5-8A15-4FCF-AE6D-66D3C9C42C51}.Release|Any CPU.ActiveCfg = Release|Any CPU
		{63096BD5-8A15-4FCF-AE6D-66D3C9C42C51}.Release|Any CPU.Build.0 = Release|Any CPU
	EndGlobalSection
	GlobalSection(SolutionProperties) = preSolution
		HideSolutionNode = FALSE
	EndGlobalSection
	GlobalSection(ExtensibilityGlobals) = postSolution
		SolutionGuid = {81B3946A-78E1-48F8-B665-E8D2DA05A96A}
	EndGlobalSection
EndGlobal
